// !$*UTF8*$!
{
	archiveVersion = 1;
	classes = {
	};
	objectVersion = 52;
	objects = {

/* Begin PBXBuildFile section */
		9D0E62EE26EB57690016728B /* RowLayout.swift in Sources */ = {isa = PBXBuildFile; fileRef = 9D0E62ED26EB57690016728B /* RowLayout.swift */; };
		9D1A6B6926E3A5430027A1A0 /* extension UIView.swift in Sources */ = {isa = PBXBuildFile; fileRef = 9D1A6B6826E3A5430027A1A0 /* extension UIView.swift */; };
		9D1A6B6B26E3F56B0027A1A0 /* Constants.swift in Sources */ = {isa = PBXBuildFile; fileRef = 9D1A6B6A26E3F56B0027A1A0 /* Constants.swift */; };
		9D24EF0326DF6ADC000C9AE4 /* WebImageView.swift in Sources */ = {isa = PBXBuildFile; fileRef = 9D24EF0226DF6ADC000C9AE4 /* WebImageView.swift */; };
		9D24EF0526E10C45000C9AE4 /* NewsfeedCellLayoutCalculator.swift in Sources */ = {isa = PBXBuildFile; fileRef = 9D24EF0426E10C45000C9AE4 /* NewsfeedCellLayoutCalculator.swift */; };
		9D38AC1826D787D600C10CBF /* FeedResponse.swift in Sources */ = {isa = PBXBuildFile; fileRef = 9D38AC1726D787D600C10CBF /* FeedResponse.swift */; };
		9D38AC1A26D78A9F00C10CBF /* NetworkDataFetcher.swift in Sources */ = {isa = PBXBuildFile; fileRef = 9D38AC1926D78A9F00C10CBF /* NetworkDataFetcher.swift */; };
		9D3BE54326DA5E1B00A2405E /* NewsfeedCell.swift in Sources */ = {isa = PBXBuildFile; fileRef = 9D3BE54226DA5E1B00A2405E /* NewsfeedCell.swift */; };
		9D3BE54526DA5EFE00A2405E /* NewsfeedCell.xib in Resources */ = {isa = PBXBuildFile; fileRef = 9D3BE54426DA5EFE00A2405E /* NewsfeedCell.xib */; };
		9D420EE526E272CF00CBDE7D /* NewsfeedCodeCell.swift in Sources */ = {isa = PBXBuildFile; fileRef = 9D420EE426E272CF00CBDE7D /* NewsfeedCodeCell.swift */; };
		9D7C673726D7C65400325E7C /* NewsfeedPresenter.swift in Sources */ = {isa = PBXBuildFile; fileRef = 9D7C673026D7C65400325E7C /* NewsfeedPresenter.swift */; };
		9D7C673826D7C65400325E7C /* NewsfeedWorker.swift in Sources */ = {isa = PBXBuildFile; fileRef = 9D7C673126D7C65400325E7C /* NewsfeedWorker.swift */; };
		9D7C673926D7C65400325E7C /* NewsfeedRouter.swift in Sources */ = {isa = PBXBuildFile; fileRef = 9D7C673226D7C65400325E7C /* NewsfeedRouter.swift */; };
		9D7C673A26D7C65400325E7C /* NewsfeedModels.swift in Sources */ = {isa = PBXBuildFile; fileRef = 9D7C673326D7C65400325E7C /* NewsfeedModels.swift */; };
		9D7C673B26D7C65400325E7C /* NewsfeedViewController.swift in Sources */ = {isa = PBXBuildFile; fileRef = 9D7C673426D7C65400325E7C /* NewsfeedViewController.swift */; };
		9D7C673C26D7C65400325E7C /* NewsfeedInteractor.swift in Sources */ = {isa = PBXBuildFile; fileRef = 9D7C673526D7C65400325E7C /* NewsfeedInteractor.swift */; };
		9D7C673F26D7CA8400325E7C /* NewsfeedViewController.storyboard in Resources */ = {isa = PBXBuildFile; fileRef = 9D7C673E26D7CA8400325E7C /* NewsfeedViewController.storyboard */; };
		9D97AA6A26CFBA5400A3F6EE /* AppDelegate.swift in Sources */ = {isa = PBXBuildFile; fileRef = 9D97AA6926CFBA5400A3F6EE /* AppDelegate.swift */; };
		9D97AA6C26CFBA5400A3F6EE /* SceneDelegate.swift in Sources */ = {isa = PBXBuildFile; fileRef = 9D97AA6B26CFBA5400A3F6EE /* SceneDelegate.swift */; };
		9D97AA6E26CFBA5400A3F6EE /* AuthViewController.swift in Sources */ = {isa = PBXBuildFile; fileRef = 9D97AA6D26CFBA5400A3F6EE /* AuthViewController.swift */; };
		9D97AA7326CFBA5400A3F6EE /* Assets.xcassets in Resources */ = {isa = PBXBuildFile; fileRef = 9D97AA7226CFBA5400A3F6EE /* Assets.xcassets */; };
		9D97AA7626CFBA5400A3F6EE /* LaunchScreen.storyboard in Resources */ = {isa = PBXBuildFile; fileRef = 9D97AA7426CFBA5400A3F6EE /* LaunchScreen.storyboard */; };
		9D9A42ED26D50B80000BBCA2 /* NetworkService.swift in Sources */ = {isa = PBXBuildFile; fileRef = 9D9A42EC26D50B80000BBCA2 /* NetworkService.swift */; };
		9D9A42EF26D50C3B000BBCA2 /* API.swift in Sources */ = {isa = PBXBuildFile; fileRef = 9D9A42EE26D50C3B000BBCA2 /* API.swift */; };
		9DBB0B7B26E8EEF6008956F7 /* GalleryCollectionView.swift in Sources */ = {isa = PBXBuildFile; fileRef = 9DBB0B7A26E8EEF6008956F7 /* GalleryCollectionView.swift */; };
		9DBB0B7D26E90B1F008956F7 /* GalleryCollectionViewCell.swift in Sources */ = {isa = PBXBuildFile; fileRef = 9DBB0B7C26E90B1F008956F7 /* GalleryCollectionViewCell.swift */; };
		9DD3EC6C26E16B9500D6FEF5 /* String + Height.swift in Sources */ = {isa = PBXBuildFile; fileRef = 9DD3EC6B26E16B9500D6FEF5 /* String + Height.swift */; };
		9DDF31F526D03C6C002C1347 /* VKSdkFramework.xcframework in Frameworks */ = {isa = PBXBuildFile; fileRef = 9DDF31F426D03C6C002C1347 /* VKSdkFramework.xcframework */; };
		9DDF31F626D03C6C002C1347 /* VKSdkFramework.xcframework in Embed Frameworks */ = {isa = PBXBuildFile; fileRef = 9DDF31F426D03C6C002C1347 /* VKSdkFramework.xcframework */; settings = {ATTRIBUTES = (CodeSignOnCopy, RemoveHeadersOnCopy, ); }; };
		9DDF31F926D0404E002C1347 /* AuthService.swift in Sources */ = {isa = PBXBuildFile; fileRef = 9DDF31F826D0404E002C1347 /* AuthService.swift */; };
		9DDF31FC26D042C0002C1347 /* AuthViewController.storyboard in Resources */ = {isa = PBXBuildFile; fileRef = 9DDF31FB26D042C0002C1347 /* AuthViewController.storyboard */; };
		9DF6D95626F5EFCC00A15B28 /* TitleView.swift in Sources */ = {isa = PBXBuildFile; fileRef = 9DF6D95526F5EFCC00A15B28 /* TitleView.swift */; };
		9DF6D95826F5F09C00A15B28 /* InsetableTextField.swift in Sources */ = {isa = PBXBuildFile; fileRef = 9DF6D95726F5F09C00A15B28 /* InsetableTextField.swift */; };
/* End PBXBuildFile section */

/* Begin PBXCopyFilesBuildPhase section */
		9DDF31F726D03C6C002C1347 /* Embed Frameworks */ = {
			isa = PBXCopyFilesBuildPhase;
			buildActionMask = 2147483647;
			dstPath = "";
			dstSubfolderSpec = 10;
			files = (
				9DDF31F626D03C6C002C1347 /* VKSdkFramework.xcframework in Embed Frameworks */,
			);
			name = "Embed Frameworks";
			runOnlyForDeploymentPostprocessing = 0;
		};
/* End PBXCopyFilesBuildPhase section */

/* Begin PBXFileReference section */
		9D0E62ED26EB57690016728B /* RowLayout.swift */ = {isa = PBXFileReference; lastKnownFileType = sourcecode.swift; path = RowLayout.swift; sourceTree = "<group>"; };
		9D1A6B6826E3A5430027A1A0 /* extension UIView.swift */ = {isa = PBXFileReference; lastKnownFileType = sourcecode.swift; path = "extension UIView.swift"; sourceTree = "<group>"; };
		9D1A6B6A26E3F56B0027A1A0 /* Constants.swift */ = {isa = PBXFileReference; lastKnownFileType = sourcecode.swift; path = Constants.swift; sourceTree = "<group>"; };
		9D24EF0226DF6ADC000C9AE4 /* WebImageView.swift */ = {isa = PBXFileReference; lastKnownFileType = sourcecode.swift; path = WebImageView.swift; sourceTree = "<group>"; };
		9D24EF0426E10C45000C9AE4 /* NewsfeedCellLayoutCalculator.swift */ = {isa = PBXFileReference; lastKnownFileType = sourcecode.swift; path = NewsfeedCellLayoutCalculator.swift; sourceTree = "<group>"; };
		9D38AC1726D787D600C10CBF /* FeedResponse.swift */ = {isa = PBXFileReference; lastKnownFileType = sourcecode.swift; path = FeedResponse.swift; sourceTree = "<group>"; };
		9D38AC1926D78A9F00C10CBF /* NetworkDataFetcher.swift */ = {isa = PBXFileReference; lastKnownFileType = sourcecode.swift; path = NetworkDataFetcher.swift; sourceTree = "<group>"; };
		9D3BE54226DA5E1B00A2405E /* NewsfeedCell.swift */ = {isa = PBXFileReference; lastKnownFileType = sourcecode.swift; path = NewsfeedCell.swift; sourceTree = "<group>"; };
		9D3BE54426DA5EFE00A2405E /* NewsfeedCell.xib */ = {isa = PBXFileReference; lastKnownFileType = file.xib; path = NewsfeedCell.xib; sourceTree = "<group>"; };
		9D420EE426E272CF00CBDE7D /* NewsfeedCodeCell.swift */ = {isa = PBXFileReference; lastKnownFileType = sourcecode.swift; path = NewsfeedCodeCell.swift; sourceTree = "<group>"; };
		9D7C673026D7C65400325E7C /* NewsfeedPresenter.swift */ = {isa = PBXFileReference; lastKnownFileType = sourcecode.swift; path = NewsfeedPresenter.swift; sourceTree = "<group>"; };
		9D7C673126D7C65400325E7C /* NewsfeedWorker.swift */ = {isa = PBXFileReference; lastKnownFileType = sourcecode.swift; path = NewsfeedWorker.swift; sourceTree = "<group>"; };
		9D7C673226D7C65400325E7C /* NewsfeedRouter.swift */ = {isa = PBXFileReference; lastKnownFileType = sourcecode.swift; path = NewsfeedRouter.swift; sourceTree = "<group>"; };
		9D7C673326D7C65400325E7C /* NewsfeedModels.swift */ = {isa = PBXFileReference; lastKnownFileType = sourcecode.swift; path = NewsfeedModels.swift; sourceTree = "<group>"; };
		9D7C673426D7C65400325E7C /* NewsfeedViewController.swift */ = {isa = PBXFileReference; lastKnownFileType = sourcecode.swift; path = NewsfeedViewController.swift; sourceTree = "<group>"; };
		9D7C673526D7C65400325E7C /* NewsfeedInteractor.swift */ = {isa = PBXFileReference; lastKnownFileType = sourcecode.swift; path = NewsfeedInteractor.swift; sourceTree = "<group>"; };
		9D7C673E26D7CA8400325E7C /* NewsfeedViewController.storyboard */ = {isa = PBXFileReference; lastKnownFileType = file.storyboard; path = NewsfeedViewController.storyboard; sourceTree = "<group>"; };
		9D97AA6626CFBA5400A3F6EE /* VKNewsFeed.app */ = {isa = PBXFileReference; explicitFileType = wrapper.application; includeInIndex = 0; path = VKNewsFeed.app; sourceTree = BUILT_PRODUCTS_DIR; };
		9D97AA6926CFBA5400A3F6EE /* AppDelegate.swift */ = {isa = PBXFileReference; lastKnownFileType = sourcecode.swift; path = AppDelegate.swift; sourceTree = "<group>"; };
		9D97AA6B26CFBA5400A3F6EE /* SceneDelegate.swift */ = {isa = PBXFileReference; lastKnownFileType = sourcecode.swift; path = SceneDelegate.swift; sourceTree = "<group>"; };
		9D97AA6D26CFBA5400A3F6EE /* AuthViewController.swift */ = {isa = PBXFileReference; lastKnownFileType = sourcecode.swift; path = AuthViewController.swift; sourceTree = "<group>"; };
		9D97AA7226CFBA5400A3F6EE /* Assets.xcassets */ = {isa = PBXFileReference; lastKnownFileType = folder.assetcatalog; path = Assets.xcassets; sourceTree = "<group>"; };
		9D97AA7526CFBA5400A3F6EE /* Base */ = {isa = PBXFileReference; lastKnownFileType = file.storyboard; name = Base; path = Base.lproj/LaunchScreen.storyboard; sourceTree = "<group>"; };
		9D97AA7726CFBA5400A3F6EE /* Info.plist */ = {isa = PBXFileReference; lastKnownFileType = text.plist.xml; path = Info.plist; sourceTree = "<group>"; };
		9D97AA7F26CFD68F00A3F6EE /* VKSdkFramework.framework */ = {isa = PBXFileReference; lastKnownFileType = wrapper.framework; name = VKSdkFramework.framework; path = Carthage/Build/iOS/VKSdkFramework.framework; sourceTree = "<group>"; };
		9D9A42EC26D50B80000BBCA2 /* NetworkService.swift */ = {isa = PBXFileReference; lastKnownFileType = sourcecode.swift; path = NetworkService.swift; sourceTree = "<group>"; };
		9D9A42EE26D50C3B000BBCA2 /* API.swift */ = {isa = PBXFileReference; lastKnownFileType = sourcecode.swift; path = API.swift; sourceTree = "<group>"; };
		9DBB0B7A26E8EEF6008956F7 /* GalleryCollectionView.swift */ = {isa = PBXFileReference; lastKnownFileType = sourcecode.swift; path = GalleryCollectionView.swift; sourceTree = "<group>"; };
		9DBB0B7C26E90B1F008956F7 /* GalleryCollectionViewCell.swift */ = {isa = PBXFileReference; lastKnownFileType = sourcecode.swift; path = GalleryCollectionViewCell.swift; sourceTree = "<group>"; };
		9DD3EC6B26E16B9500D6FEF5 /* String + Height.swift */ = {isa = PBXFileReference; lastKnownFileType = sourcecode.swift; path = "String + Height.swift"; sourceTree = "<group>"; };
		9DDF31F426D03C6C002C1347 /* VKSdkFramework.xcframework */ = {isa = PBXFileReference; lastKnownFileType = wrapper.xcframework; name = VKSdkFramework.xcframework; path = Carthage/Build/VKSdkFramework.xcframework; sourceTree = "<group>"; };
		9DDF31F826D0404E002C1347 /* AuthService.swift */ = {isa = PBXFileReference; lastKnownFileType = sourcecode.swift; path = AuthService.swift; sourceTree = "<group>"; };
		9DDF31FB26D042C0002C1347 /* AuthViewController.storyboard */ = {isa = PBXFileReference; lastKnownFileType = file.storyboard; path = AuthViewController.storyboard; sourceTree = "<group>"; };
		9DF6D95526F5EFCC00A15B28 /* TitleView.swift */ = {isa = PBXFileReference; lastKnownFileType = sourcecode.swift; path = TitleView.swift; sourceTree = "<group>"; };
		9DF6D95726F5F09C00A15B28 /* InsetableTextField.swift */ = {isa = PBXFileReference; lastKnownFileType = sourcecode.swift; path = InsetableTextField.swift; sourceTree = "<group>"; };
/* End PBXFileReference section */

/* Begin PBXFrameworksBuildPhase section */
		9D97AA6326CFBA5400A3F6EE /* Frameworks */ = {
			isa = PBXFrameworksBuildPhase;
			buildActionMask = 2147483647;
			files = (
				9DDF31F526D03C6C002C1347 /* VKSdkFramework.xcframework in Frameworks */,
			);
			runOnlyForDeploymentPostprocessing = 0;
		};
/* End PBXFrameworksBuildPhase section */

/* Begin PBXGroup section */
		9D24EF0126DF6AC0000C9AE4 /* Helpers */ = {
			isa = PBXGroup;
			children = (
				9D24EF0226DF6ADC000C9AE4 /* WebImageView.swift */,
				9DD3EC6B26E16B9500D6FEF5 /* String + Height.swift */,
				9D1A6B6826E3A5430027A1A0 /* extension UIView.swift */,
				9D1A6B6A26E3F56B0027A1A0 /* Constants.swift */,
			);
			path = Helpers;
			sourceTree = "<group>";
		};
		9D2D120626D3B24400423F1E /* Auth */ = {
			isa = PBXGroup;
			children = (
				9D97AA6D26CFBA5400A3F6EE /* AuthViewController.swift */,
				9DDF31FB26D042C0002C1347 /* AuthViewController.storyboard */,
			);
			path = Auth;
			sourceTree = "<group>";
		};
		9D38AC1626D787C700C10CBF /* Models */ = {
			isa = PBXGroup;
			children = (
				9D38AC1726D787D600C10CBF /* FeedResponse.swift */,
			);
			path = Models;
			sourceTree = "<group>";
		};
		9D3BE54126DA5DF300A2405E /* Cell */ = {
			isa = PBXGroup;
			children = (
				9D3BE54226DA5E1B00A2405E /* NewsfeedCell.swift */,
				9D3BE54426DA5EFE00A2405E /* NewsfeedCell.xib */,
				9D24EF0426E10C45000C9AE4 /* NewsfeedCellLayoutCalculator.swift */,
				9D420EE426E272CF00CBDE7D /* NewsfeedCodeCell.swift */,
			);
			path = Cell;
			sourceTree = "<group>";
		};
		9D7C672F26D7C62A00325E7C /* NewsFeed */ = {
			isa = PBXGroup;
			children = (
				9DF6D95426F5EFB400A15B28 /* TitleView */,
				9DBB0B7926E8EEBE008956F7 /* GalleryView */,
				9D24EF0126DF6AC0000C9AE4 /* Helpers */,
				9D3BE54126DA5DF300A2405E /* Cell */,
				9D7C673426D7C65400325E7C /* NewsfeedViewController.swift */,
				9D7C673526D7C65400325E7C /* NewsfeedInteractor.swift */,
				9D7C673026D7C65400325E7C /* NewsfeedPresenter.swift */,
				9D7C673326D7C65400325E7C /* NewsfeedModels.swift */,
				9D7C673126D7C65400325E7C /* NewsfeedWorker.swift */,
				9D7C673226D7C65400325E7C /* NewsfeedRouter.swift */,
				9D7C673E26D7CA8400325E7C /* NewsfeedViewController.storyboard */,
			);
			path = NewsFeed;
			sourceTree = "<group>";
		};
		9D97AA5D26CFBA5400A3F6EE = {
			isa = PBXGroup;
			children = (
				9D97AA6826CFBA5400A3F6EE /* VKNewsFeed */,
				9D97AA6726CFBA5400A3F6EE /* Products */,
				9D97AA7E26CFD68F00A3F6EE /* Frameworks */,
			);
			sourceTree = "<group>";
		};
		9D97AA6726CFBA5400A3F6EE /* Products */ = {
			isa = PBXGroup;
			children = (
				9D97AA6626CFBA5400A3F6EE /* VKNewsFeed.app */,
			);
			name = Products;
			sourceTree = "<group>";
		};
		9D97AA6826CFBA5400A3F6EE /* VKNewsFeed */ = {
			isa = PBXGroup;
			children = (
				9D7C672F26D7C62A00325E7C /* NewsFeed */,
				9D97AA6926CFBA5400A3F6EE /* AppDelegate.swift */,
				9D97AA6B26CFBA5400A3F6EE /* SceneDelegate.swift */,
				9D2D120626D3B24400423F1E /* Auth */,
				9DDF31FA26D04055002C1347 /* Services */,
				9D97AA7226CFBA5400A3F6EE /* Assets.xcassets */,
				9D97AA7426CFBA5400A3F6EE /* LaunchScreen.storyboard */,
				9D97AA7726CFBA5400A3F6EE /* Info.plist */,
			);
			path = VKNewsFeed;
			sourceTree = "<group>";
		};
		9D97AA7E26CFD68F00A3F6EE /* Frameworks */ = {
			isa = PBXGroup;
			children = (
				9DDF31F426D03C6C002C1347 /* VKSdkFramework.xcframework */,
				9D97AA7F26CFD68F00A3F6EE /* VKSdkFramework.framework */,
			);
			name = Frameworks;
			sourceTree = "<group>";
		};
		9DBB0B7926E8EEBE008956F7 /* GalleryView */ = {
			isa = PBXGroup;
			children = (
				9DBB0B7A26E8EEF6008956F7 /* GalleryCollectionView.swift */,
				9DBB0B7C26E90B1F008956F7 /* GalleryCollectionViewCell.swift */,
				9D0E62ED26EB57690016728B /* RowLayout.swift */,
			);
			path = GalleryView;
			sourceTree = "<group>";
		};
		9DDF31FA26D04055002C1347 /* Services */ = {
			isa = PBXGroup;
			children = (
				9D38AC1626D787C700C10CBF /* Models */,
				9DDF31F826D0404E002C1347 /* AuthService.swift */,
				9D38AC1926D78A9F00C10CBF /* NetworkDataFetcher.swift */,
				9D9A42EC26D50B80000BBCA2 /* NetworkService.swift */,
				9D9A42EE26D50C3B000BBCA2 /* API.swift */,
			);
			path = Services;
			sourceTree = "<group>";
		};
		9DF6D95426F5EFB400A15B28 /* TitleView */ = {
			isa = PBXGroup;
			children = (
				9DF6D95526F5EFCC00A15B28 /* TitleView.swift */,
				9DF6D95726F5F09C00A15B28 /* InsetableTextField.swift */,
			);
			path = TitleView;
			sourceTree = "<group>";
		};
/* End PBXGroup section */

/* Begin PBXNativeTarget section */
		9D97AA6526CFBA5400A3F6EE /* VKNewsFeed */ = {
			isa = PBXNativeTarget;
			buildConfigurationList = 9D97AA7A26CFBA5400A3F6EE /* Build configuration list for PBXNativeTarget "VKNewsFeed" */;
			buildPhases = (
				9D97AA6226CFBA5400A3F6EE /* Sources */,
				9D97AA6326CFBA5400A3F6EE /* Frameworks */,
				9D97AA6426CFBA5400A3F6EE /* Resources */,
				9D97AA7D26CFD5F200A3F6EE /* ShellScript */,
				9DDF31F726D03C6C002C1347 /* Embed Frameworks */,
			);
			buildRules = (
			);
			dependencies = (
			);
			name = VKNewsFeed;
			productName = VKNewsFeed;
			productReference = 9D97AA6626CFBA5400A3F6EE /* VKNewsFeed.app */;
			productType = "com.apple.product-type.application";
		};
/* End PBXNativeTarget section */

/* Begin PBXProject section */
		9D97AA5E26CFBA5400A3F6EE /* Project object */ = {
			isa = PBXProject;
			attributes = {
				LastSwiftUpdateCheck = 1250;
				LastUpgradeCheck = 1250;
				TargetAttributes = {
					9D97AA6526CFBA5400A3F6EE = {
						CreatedOnToolsVersion = 12.5.1;
					};
				};
			};
			buildConfigurationList = 9D97AA6126CFBA5400A3F6EE /* Build configuration list for PBXProject "VKNewsFeed" */;
			compatibilityVersion = "Xcode 9.3";
			developmentRegion = en;
			hasScannedForEncodings = 0;
			knownRegions = (
				en,
				Base,
			);
			mainGroup = 9D97AA5D26CFBA5400A3F6EE;
			productRefGroup = 9D97AA6726CFBA5400A3F6EE /* Products */;
			projectDirPath = "";
			projectRoot = "";
			targets = (
				9D97AA6526CFBA5400A3F6EE /* VKNewsFeed */,
			);
		};
/* End PBXProject section */

/* Begin PBXResourcesBuildPhase section */
		9D97AA6426CFBA5400A3F6EE /* Resources */ = {
			isa = PBXResourcesBuildPhase;
			buildActionMask = 2147483647;
			files = (
				9D97AA7626CFBA5400A3F6EE /* LaunchScreen.storyboard in Resources */,
				9DDF31FC26D042C0002C1347 /* AuthViewController.storyboard in Resources */,
				9D7C673F26D7CA8400325E7C /* NewsfeedViewController.storyboard in Resources */,
				9D97AA7326CFBA5400A3F6EE /* Assets.xcassets in Resources */,
				9D3BE54526DA5EFE00A2405E /* NewsfeedCell.xib in Resources */,
			);
			runOnlyForDeploymentPostprocessing = 0;
		};
/* End PBXResourcesBuildPhase section */

/* Begin PBXShellScriptBuildPhase section */
		9D97AA7D26CFD5F200A3F6EE /* ShellScript */ = {
			isa = PBXShellScriptBuildPhase;
			buildActionMask = 2147483647;
			files = (
			);
			inputFileListPaths = (
			);
			inputPaths = (
			);
			outputFileListPaths = (
			);
			outputPaths = (
			);
			runOnlyForDeploymentPostprocessing = 0;
			shellPath = /bin/sh;
			shellScript = "
";
		};
/* End PBXShellScriptBuildPhase section */

/* Begin PBXSourcesBuildPhase section */
		9D97AA6226CFBA5400A3F6EE /* Sources */ = {
			isa = PBXSourcesBuildPhase;
			buildActionMask = 2147483647;
			files = (
				9D0E62EE26EB57690016728B /* RowLayout.swift in Sources */,
				9D38AC1826D787D600C10CBF /* FeedResponse.swift in Sources */,
				9DD3EC6C26E16B9500D6FEF5 /* String + Height.swift in Sources */,
				9D7C673B26D7C65400325E7C /* NewsfeedViewController.swift in Sources */,
				9D97AA6E26CFBA5400A3F6EE /* AuthViewController.swift in Sources */,
				9DBB0B7D26E90B1F008956F7 /* GalleryCollectionViewCell.swift in Sources */,
				9D97AA6A26CFBA5400A3F6EE /* AppDelegate.swift in Sources */,
				9D7C673726D7C65400325E7C /* NewsfeedPresenter.swift in Sources */,
				9D7C673926D7C65400325E7C /* NewsfeedRouter.swift in Sources */,
				9D97AA6C26CFBA5400A3F6EE /* SceneDelegate.swift in Sources */,
				9D9A42ED26D50B80000BBCA2 /* NetworkService.swift in Sources */,
				9D7C673A26D7C65400325E7C /* NewsfeedModels.swift in Sources */,
				9D24EF0526E10C45000C9AE4 /* NewsfeedCellLayoutCalculator.swift in Sources */,
				9D1A6B6B26E3F56B0027A1A0 /* Constants.swift in Sources */,
				9DF6D95626F5EFCC00A15B28 /* TitleView.swift in Sources */,
				9D1A6B6926E3A5430027A1A0 /* extension UIView.swift in Sources */,
				9D420EE526E272CF00CBDE7D /* NewsfeedCodeCell.swift in Sources */,
				9D24EF0326DF6ADC000C9AE4 /* WebImageView.swift in Sources */,
				9D38AC1A26D78A9F00C10CBF /* NetworkDataFetcher.swift in Sources */,
				9D7C673826D7C65400325E7C /* NewsfeedWorker.swift in Sources */,
				9DDF31F926D0404E002C1347 /* AuthService.swift in Sources */,
				9D9A42EF26D50C3B000BBCA2 /* API.swift in Sources */,
				9DBB0B7B26E8EEF6008956F7 /* GalleryCollectionView.swift in Sources */,
				9D3BE54326DA5E1B00A2405E /* NewsfeedCell.swift in Sources */,
				9D7C673C26D7C65400325E7C /* NewsfeedInteractor.swift in Sources */,
				9DF6D95826F5F09C00A15B28 /* InsetableTextField.swift in Sources */,
			);
			runOnlyForDeploymentPostprocessing = 0;
		};
/* End PBXSourcesBuildPhase section */

/* Begin PBXVariantGroup section */
		9D97AA7426CFBA5400A3F6EE /* LaunchScreen.storyboard */ = {
			isa = PBXVariantGroup;
			children = (
				9D97AA7526CFBA5400A3F6EE /* Base */,
			);
			name = LaunchScreen.storyboard;
			sourceTree = "<group>";
		};
/* End PBXVariantGroup section */

/* Begin XCBuildConfiguration section */
		9D97AA7826CFBA5400A3F6EE /* Debug */ = {
			isa = XCBuildConfiguration;
			buildSettings = {
				ALWAYS_SEARCH_USER_PATHS = NO;
				CLANG_ANALYZER_NONNULL = YES;
				CLANG_ANALYZER_NUMBER_OBJECT_CONVERSION = YES_AGGRESSIVE;
				CLANG_CXX_LANGUAGE_STANDARD = "gnu++14";
				CLANG_CXX_LIBRARY = "libc++";
				CLANG_ENABLE_MODULES = YES;
				CLANG_ENABLE_OBJC_ARC = YES;
				CLANG_ENABLE_OBJC_WEAK = YES;
				CLANG_WARN_BLOCK_CAPTURE_AUTORELEASING = YES;
				CLANG_WARN_BOOL_CONVERSION = YES;
				CLANG_WARN_COMMA = YES;
				CLANG_WARN_CONSTANT_CONVERSION = YES;
				CLANG_WARN_DEPRECATED_OBJC_IMPLEMENTATIONS = YES;
				CLANG_WARN_DIRECT_OBJC_ISA_USAGE = YES_ERROR;
				CLANG_WARN_DOCUMENTATION_COMMENTS = YES;
				CLANG_WARN_EMPTY_BODY = YES;
				CLANG_WARN_ENUM_CONVERSION = YES;
				CLANG_WARN_INFINITE_RECURSION = YES;
				CLANG_WARN_INT_CONVERSION = YES;
				CLANG_WARN_NON_LITERAL_NULL_CONVERSION = YES;
				CLANG_WARN_OBJC_IMPLICIT_RETAIN_SELF = YES;
				CLANG_WARN_OBJC_LITERAL_CONVERSION = YES;
				CLANG_WARN_OBJC_ROOT_CLASS = YES_ERROR;
				CLANG_WARN_QUOTED_INCLUDE_IN_FRAMEWORK_HEADER = YES;
				CLANG_WARN_RANGE_LOOP_ANALYSIS = YES;
				CLANG_WARN_STRICT_PROTOTYPES = YES;
				CLANG_WARN_SUSPICIOUS_MOVE = YES;
				CLANG_WARN_UNGUARDED_AVAILABILITY = YES_AGGRESSIVE;
				CLANG_WARN_UNREACHABLE_CODE = YES;
				CLANG_WARN__DUPLICATE_METHOD_MATCH = YES;
				COPY_PHASE_STRIP = NO;
				DEBUG_INFORMATION_FORMAT = dwarf;
				ENABLE_STRICT_OBJC_MSGSEND = YES;
				ENABLE_TESTABILITY = YES;
				GCC_C_LANGUAGE_STANDARD = gnu11;
				GCC_DYNAMIC_NO_PIC = NO;
				GCC_NO_COMMON_BLOCKS = YES;
				GCC_OPTIMIZATION_LEVEL = 0;
				GCC_PREPROCESSOR_DEFINITIONS = (
					"DEBUG=1",
					"$(inherited)",
				);
				GCC_WARN_64_TO_32_BIT_CONVERSION = YES;
				GCC_WARN_ABOUT_RETURN_TYPE = YES_ERROR;
				GCC_WARN_UNDECLARED_SELECTOR = YES;
				GCC_WARN_UNINITIALIZED_AUTOS = YES_AGGRESSIVE;
				GCC_WARN_UNUSED_FUNCTION = YES;
				GCC_WARN_UNUSED_VARIABLE = YES;
				IPHONEOS_DEPLOYMENT_TARGET = 14.5;
				MTL_ENABLE_DEBUG_INFO = INCLUDE_SOURCE;
				MTL_FAST_MATH = YES;
				ONLY_ACTIVE_ARCH = YES;
				SDKROOT = iphoneos;
				SWIFT_ACTIVE_COMPILATION_CONDITIONS = DEBUG;
				SWIFT_OPTIMIZATION_LEVEL = "-Onone";
			};
			name = Debug;
		};
		9D97AA7926CFBA5400A3F6EE /* Release */ = {
			isa = XCBuildConfiguration;
			buildSettings = {
				ALWAYS_SEARCH_USER_PATHS = NO;
				CLANG_ANALYZER_NONNULL = YES;
				CLANG_ANALYZER_NUMBER_OBJECT_CONVERSION = YES_AGGRESSIVE;
				CLANG_CXX_LANGUAGE_STANDARD = "gnu++14";
				CLANG_CXX_LIBRARY = "libc++";
				CLANG_ENABLE_MODULES = YES;
				CLANG_ENABLE_OBJC_ARC = YES;
				CLANG_ENABLE_OBJC_WEAK = YES;
				CLANG_WARN_BLOCK_CAPTURE_AUTORELEASING = YES;
				CLANG_WARN_BOOL_CONVERSION = YES;
				CLANG_WARN_COMMA = YES;
				CLANG_WARN_CONSTANT_CONVERSION = YES;
				CLANG_WARN_DEPRECATED_OBJC_IMPLEMENTATIONS = YES;
				CLANG_WARN_DIRECT_OBJC_ISA_USAGE = YES_ERROR;
				CLANG_WARN_DOCUMENTATION_COMMENTS = YES;
				CLANG_WARN_EMPTY_BODY = YES;
				CLANG_WARN_ENUM_CONVERSION = YES;
				CLANG_WARN_INFINITE_RECURSION = YES;
				CLANG_WARN_INT_CONVERSION = YES;
				CLANG_WARN_NON_LITERAL_NULL_CONVERSION = YES;
				CLANG_WARN_OBJC_IMPLICIT_RETAIN_SELF = YES;
				CLANG_WARN_OBJC_LITERAL_CONVERSION = YES;
				CLANG_WARN_OBJC_ROOT_CLASS = YES_ERROR;
				CLANG_WARN_QUOTED_INCLUDE_IN_FRAMEWORK_HEADER = YES;
				CLANG_WARN_RANGE_LOOP_ANALYSIS = YES;
				CLANG_WARN_STRICT_PROTOTYPES = YES;
				CLANG_WARN_SUSPICIOUS_MOVE = YES;
				CLANG_WARN_UNGUARDED_AVAILABILITY = YES_AGGRESSIVE;
				CLANG_WARN_UNREACHABLE_CODE = YES;
				CLANG_WARN__DUPLICATE_METHOD_MATCH = YES;
				COPY_PHASE_STRIP = NO;
				DEBUG_INFORMATION_FORMAT = "dwarf-with-dsym";
				ENABLE_NS_ASSERTIONS = NO;
				ENABLE_STRICT_OBJC_MSGSEND = YES;
				GCC_C_LANGUAGE_STANDARD = gnu11;
				GCC_NO_COMMON_BLOCKS = YES;
				GCC_WARN_64_TO_32_BIT_CONVERSION = YES;
				GCC_WARN_ABOUT_RETURN_TYPE = YES_ERROR;
				GCC_WARN_UNDECLARED_SELECTOR = YES;
				GCC_WARN_UNINITIALIZED_AUTOS = YES_AGGRESSIVE;
				GCC_WARN_UNUSED_FUNCTION = YES;
				GCC_WARN_UNUSED_VARIABLE = YES;
				IPHONEOS_DEPLOYMENT_TARGET = 14.5;
				MTL_ENABLE_DEBUG_INFO = NO;
				MTL_FAST_MATH = YES;
				SDKROOT = iphoneos;
				SWIFT_COMPILATION_MODE = wholemodule;
				SWIFT_OPTIMIZATION_LEVEL = "-O";
				VALIDATE_PRODUCT = YES;
			};
			name = Release;
		};
		9D97AA7B26CFBA5400A3F6EE /* Debug */ = {
			isa = XCBuildConfiguration;
			buildSettings = {
				ASSETCATALOG_COMPILER_APPICON_NAME = AppIcon;
				ASSETCATALOG_COMPILER_GLOBAL_ACCENT_COLOR_NAME = AccentColor;
				CODE_SIGN_STYLE = Automatic;
				DEVELOPMENT_TEAM = MSJ4Q555L6;
				FRAMEWORK_SEARCH_PATHS = (
					"$(inherited)",
					"$(PROJECT_DIR)/Carthage/Build/iOS",
				);
				INFOPLIST_FILE = VKNewsFeed/Info.plist;
				LD_RUNPATH_SEARCH_PATHS = (
					"$(inherited)",
					"@executable_path/Frameworks",
				);
				PRODUCT_BUNDLE_IDENTIFIER = org.VKNewsFeed;
				PRODUCT_NAME = "$(TARGET_NAME)";
				SWIFT_VERSION = 5.0;
				TARGETED_DEVICE_FAMILY = "1,2";
				VALIDATE_WORKSPACE = NO;
			};
			name = Debug;
		};
		9D97AA7C26CFBA5400A3F6EE /* Release */ = {
			isa = XCBuildConfiguration;
			buildSettings = {
				ASSETCATALOG_COMPILER_APPICON_NAME = AppIcon;
				ASSETCATALOG_COMPILER_GLOBAL_ACCENT_COLOR_NAME = AccentColor;
				CODE_SIGN_STYLE = Automatic;
				DEVELOPMENT_TEAM = MSJ4Q555L6;
				FRAMEWORK_SEARCH_PATHS = (
					"$(inherited)",
					"$(PROJECT_DIR)/Carthage/Build/iOS",
				);
				INFOPLIST_FILE = VKNewsFeed/Info.plist;
				LD_RUNPATH_SEARCH_PATHS = (
					"$(inherited)",
					"@executable_path/Frameworks",
				);
				PRODUCT_BUNDLE_IDENTIFIER = org.VKNewsFeed;
				PRODUCT_NAME = "$(TARGET_NAME)";
				SWIFT_VERSION = 5.0;
				TARGETED_DEVICE_FAMILY = "1,2";
				VALIDATE_WORKSPACE = NO;
			};
			name = Release;
		};
/* End XCBuildConfiguration section */

/* Begin XCConfigurationList section */
		9D97AA6126CFBA5400A3F6EE /* Build configuration list for PBXProject "VKNewsFeed" */ = {
			isa = XCConfigurationList;
			buildConfigurations = (
				9D97AA7826CFBA5400A3F6EE /* Debug */,
				9D97AA7926CFBA5400A3F6EE /* Release */,
			);
			defaultConfigurationIsVisible = 0;
			defaultConfigurationName = Release;
		};
		9D97AA7A26CFBA5400A3F6EE /* Build configuration list for PBXNativeTarget "VKNewsFeed" */ = {
			isa = XCConfigurationList;
			buildConfigurations = (
				9D97AA7B26CFBA5400A3F6EE /* Debug */,
				9D97AA7C26CFBA5400A3F6EE /* Release */,
			);
			defaultConfigurationIsVisible = 0;
			defaultConfigurationName = Release;
		};
/* End XCConfigurationList section */
	};
	rootObject = 9D97AA5E26CFBA5400A3F6EE /* Project object */;
}
